
Microsoft Visual Studio Solution File, Format Version 12.00
# Visual Studio Version 17
VisualStudioVersion = 17.2.32602.215
MinimumVisualStudioVersion = 10.0.40219.1
Project("{FAE04EC0-301F-11D3-BF4B-00C04F79EFBC}") = "Aula28", "Aula28\Aula28.csproj", "{10B8BAD1-92EC-4DD5-AF95-3E3D25449471}"
EndProject
Global
	GlobalSection(SolutionConfigurationPlatforms) = preSolution
		Debug|Any CPU = Debug|Any CPU
		Release|Any CPU = Release|Any CPU
	EndGlobalSection
	GlobalSection(ProjectConfigurationPlatforms) = postSolution
		{10B8BAD1-92EC-4DD5-AF95-3E3D25449471}.Debug|Any CPU.ActiveCfg = Debug|Any CPU
		{10B8BAD1-92EC-4DD5-AF95-3E3D25449471}.Debug|Any CPU.Build.0 = Debug|Any CPU
		{10B8BAD1-92EC-4DD5-AF95-3E3D25449471}.Release|Any CPU.ActiveCfg = Release|Any CPU
		{10B8BAD1-92EC-4DD5-AF95-3E3D25449471}.Release|Any CPU.Build.0 = Release|Any CPU
	EndGlobalSection
	GlobalSection(SolutionProperties) = preSolution
		HideSolutionNode = FALSE
	EndGlobalSection
	GlobalSection(ExtensibilityGlobals) = postSolution
		SolutionGuid = {FB5B3604-D786-4740-8C37-07B284F42845}
	EndGlobalSection
EndGlobal
